
Microsoft Visual Studio Solution File, Format Version 12.00
# Visual Studio Version 17
VisualStudioVersion = 17.9.34616.47
MinimumVisualStudioVersion = 10.0.40219.1
Project("{FAE04EC0-301F-11D3-BF4B-00C04F79EFBC}") = "HotelReservationsWpf", "HotelReservationsWpf\HotelReservationsWpf.csproj", "{6F642AC2-F766-4C3B-ADB8-F5DF9950918D}"
EndProject
Global
	GlobalSection(SolutionConfigurationPlatforms) = preSolution
		Debug|Any CPU = Debug|Any CPU
		Release|Any CPU = Release|Any CPU
	EndGlobalSection
	GlobalSection(ProjectConfigurationPlatforms) = postSolution
		{6F642AC2-F766-4C3B-ADB8-F5DF9950918D}.Debug|Any CPU.ActiveCfg = Debug|Any CPU
		{6F642AC2-F766-4C3B-ADB8-F5DF9950918D}.Debug|Any CPU.Build.0 = Debug|Any CPU
		{6F642AC2-F766-4C3B-ADB8-F5DF9950918D}.Release|Any CPU.ActiveCfg = Release|Any CPU
		{6F642AC2-F766-4C3B-ADB8-F5DF9950918D}.Release|Any CPU.Build.0 = Release|Any CPU
	EndGlobalSection
	GlobalSection(SolutionProperties) = preSolution
		HideSolutionNode = FALSE
	EndGlobalSection
	GlobalSection(ExtensibilityGlobals) = postSolution
		SolutionGuid = {B90D151D-15E3-46A9-B187-CA5853F0B2C0}
	EndGlobalSection
EndGlobal
